
Microsoft Visual Studio Solution File, Format Version 12.00
# Visual Studio Version 17
VisualStudioVersion = 17.13.35818.85
MinimumVisualStudioVersion = 10.0.40219.1
Project("{FAE04EC0-301F-11D3-BF4B-00C04F79EFBC}") = "SitemaVoto.Api", "SitemaVoto.Api\SitemaVoto.Api.csproj", "{9D2B3182-2D64-41EA-BD56-15638B938817}"
EndProject
Project("{FAE04EC0-301F-11D3-BF4B-00C04F79EFBC}") = "VotoModelos", "VotoModelos\VotoModelos.csproj", "{3D5E3D86-51A5-492D-B4B3-B3EAF0C82C74}"
EndProject
Project("{FAE04EC0-301F-11D3-BF4B-00C04F79EFBC}") = "Voto.ApiConsumer", "Voto.ApiConsumer\Voto.ApiConsumer.csproj", "{D65B0252-3711-432C-ADFA-D62128482700}"
EndProject
Project("{FAE04EC0-301F-11D3-BF4B-00C04F79EFBC}") = "VotoMVC_Login", "VotoMVC_Login\VotoMVC_Login.csproj", "{C9D783DF-24A4-4BC9-A9AD-724C2ECE229B}"
EndProject
Global
	GlobalSection(SolutionConfigurationPlatforms) = preSolution
		Debug|Any CPU = Debug|Any CPU
		Release|Any CPU = Release|Any CPU
	EndGlobalSection
	GlobalSection(ProjectConfigurationPlatforms) = postSolution
		{9D2B3182-2D64-41EA-BD56-15638B938817}.Debug|Any CPU.ActiveCfg = Debug|Any CPU
		{9D2B3182-2D64-41EA-BD56-15638B938817}.Debug|Any CPU.Build.0 = Debug|Any CPU
		{9D2B3182-2D64-41EA-BD56-15638B938817}.Release|Any CPU.ActiveCfg = Release|Any CPU
		{9D2B3182-2D64-41EA-BD56-15638B938817}.Release|Any CPU.Build.0 = Release|Any CPU
		{3D5E3D86-51A5-492D-B4B3-B3EAF0C82C74}.Debug|Any CPU.ActiveCfg = Debug|Any CPU
		{3D5E3D86-51A5-492D-B4B3-B3EAF0C82C74}.Debug|Any CPU.Build.0 = Debug|Any CPU
		{3D5E3D86-51A5-492D-B4B3-B3EAF0C82C74}.Release|Any CPU.ActiveCfg = Release|Any CPU
		{3D5E3D86-51A5-492D-B4B3-B3EAF0C82C74}.Release|Any CPU.Build.0 = Release|Any CPU
		{D65B0252-3711-432C-ADFA-D62128482700}.Debug|Any CPU.ActiveCfg = Debug|Any CPU
		{D65B0252-3711-432C-ADFA-D62128482700}.Debug|Any CPU.Build.0 = Debug|Any CPU
		{D65B0252-3711-432C-ADFA-D62128482700}.Release|Any CPU.ActiveCfg = Release|Any CPU
		{D65B0252-3711-432C-ADFA-D62128482700}.Release|Any CPU.Build.0 = Release|Any CPU
		{C9D783DF-24A4-4BC9-A9AD-724C2ECE229B}.Debug|Any CPU.ActiveCfg = Debug|Any CPU
		{C9D783DF-24A4-4BC9-A9AD-724C2ECE229B}.Debug|Any CPU.Build.0 = Debug|Any CPU
		{C9D783DF-24A4-4BC9-A9AD-724C2ECE229B}.Release|Any CPU.ActiveCfg = Release|Any CPU
		{C9D783DF-24A4-4BC9-A9AD-724C2ECE229B}.Release|Any CPU.Build.0 = Release|Any CPU
	EndGlobalSection
	GlobalSection(SolutionProperties) = preSolution
		HideSolutionNode = FALSE
	EndGlobalSection
	GlobalSection(ExtensibilityGlobals) = postSolution
		SolutionGuid = {E02A214A-62FC-4D8C-BB12-D198AC914970}
	EndGlobalSection
EndGlobal
